
Microsoft Visual Studio Solution File, Format Version 12.00
# Visual Studio Version 16
VisualStudioVersion = 16.0.32602.290
MinimumVisualStudioVersion = 10.0.40219.1
Project("{FAE04EC0-301F-11D3-BF4B-00C04F79EFBC}") = "Tema2-CuadrosTexto", "Tema2-CuadrosTexto.csproj", "{24506AE8-51F7-4C88-A0BD-FC67F10A09FD}"
EndProject
Global
	GlobalSection(SolutionConfigurationPlatforms) = preSolution
		Debug|Any CPU = Debug|Any CPU
		Release|Any CPU = Release|Any CPU
	EndGlobalSection
	GlobalSection(ProjectConfigurationPlatforms) = postSolution
		{24506AE8-51F7-4C88-A0BD-FC67F10A09FD}.Debug|Any CPU.ActiveCfg = Debug|Any CPU
		{24506AE8-51F7-4C88-A0BD-FC67F10A09FD}.Debug|Any CPU.Build.0 = Debug|Any CPU
		{24506AE8-51F7-4C88-A0BD-FC67F10A09FD}.Release|Any CPU.ActiveCfg = Release|Any CPU
		{24506AE8-51F7-4C88-A0BD-FC67F10A09FD}.Release|Any CPU.Build.0 = Release|Any CPU
	EndGlobalSection
	GlobalSection(SolutionProperties) = preSolution
		HideSolutionNode = FALSE
	EndGlobalSection
	GlobalSection(ExtensibilityGlobals) = postSolution
		SolutionGuid = {8C4936CB-9FD9-47EC-B102-B54BF95F0D43}
	EndGlobalSection
EndGlobal
